
Microsoft Visual Studio Solution File, Format Version 12.00
# Visual Studio Version 17
VisualStudioVersion = 17.0.31903.59
MinimumVisualStudioVersion = 10.0.40219.1
Project("{FAE04EC0-301F-11D3-BF4B-00C04F79EFBC}") = "Foghorn.Logging", "Foghorn.Logging\Foghorn.Logging.csproj", "{1D739B2F-BD84-4718-9BA7-77B3B76CC6A8}"
EndProject
Project("{FAE04EC0-301F-11D3-BF4B-00C04F79EFBC}") = "Foghorn.Log", "Foghorn.Log\Foghorn.Log.csproj", "{1BB70D12-9FB0-4875-A4ED-BC3FCC0163D3}"
EndProject
Project("{FAE04EC0-301F-11D3-BF4B-00C04F79EFBC}") = "Foghorn.Logging.Tests", "Foghorn.Logging.Tests\Foghorn.Logging.Tests.csproj", "{E205656D-A796-43ED-8ACF-2C318CC6EDD5}"
EndProject
Project("{FAE04EC0-301F-11D3-BF4B-00C04F79EFBC}") = "Foghorn.Logging.Slack", "Foghorn.Logging.Slack\Foghorn.Logging.Slack.csproj", "{5A521148-BDE5-4739-9DDF-D20DDE3A6F4B}"
EndProject
Global
	GlobalSection(SolutionConfigurationPlatforms) = preSolution
		Debug|Any CPU = Debug|Any CPU
		Release|Any CPU = Release|Any CPU
	EndGlobalSection
	GlobalSection(SolutionProperties) = preSolution
		HideSolutionNode = FALSE
	EndGlobalSection
	GlobalSection(ProjectConfigurationPlatforms) = postSolution
		{1D739B2F-BD84-4718-9BA7-77B3B76CC6A8}.Debug|Any CPU.ActiveCfg = Debug|Any CPU
		{1D739B2F-BD84-4718-9BA7-77B3B76CC6A8}.Debug|Any CPU.Build.0 = Debug|Any CPU
		{1D739B2F-BD84-4718-9BA7-77B3B76CC6A8}.Release|Any CPU.ActiveCfg = Release|Any CPU
		{1D739B2F-BD84-4718-9BA7-77B3B76CC6A8}.Release|Any CPU.Build.0 = Release|Any CPU
		{1BB70D12-9FB0-4875-A4ED-BC3FCC0163D3}.Debug|Any CPU.ActiveCfg = Debug|Any CPU
		{1BB70D12-9FB0-4875-A4ED-BC3FCC0163D3}.Debug|Any CPU.Build.0 = Debug|Any CPU
		{1BB70D12-9FB0-4875-A4ED-BC3FCC0163D3}.Release|Any CPU.ActiveCfg = Release|Any CPU
		{1BB70D12-9FB0-4875-A4ED-BC3FCC0163D3}.Release|Any CPU.Build.0 = Release|Any CPU
		{E205656D-A796-43ED-8ACF-2C318CC6EDD5}.Debug|Any CPU.ActiveCfg = Debug|Any CPU
		{E205656D-A796-43ED-8ACF-2C318CC6EDD5}.Debug|Any CPU.Build.0 = Debug|Any CPU
		{E205656D-A796-43ED-8ACF-2C318CC6EDD5}.Release|Any CPU.ActiveCfg = Release|Any CPU
		{E205656D-A796-43ED-8ACF-2C318CC6EDD5}.Release|Any CPU.Build.0 = Release|Any CPU
		{5A521148-BDE5-4739-9DDF-D20DDE3A6F4B}.Debug|Any CPU.ActiveCfg = Debug|Any CPU
		{5A521148-BDE5-4739-9DDF-D20DDE3A6F4B}.Debug|Any CPU.Build.0 = Debug|Any CPU
		{5A521148-BDE5-4739-9DDF-D20DDE3A6F4B}.Release|Any CPU.ActiveCfg = Release|Any CPU
		{5A521148-BDE5-4739-9DDF-D20DDE3A6F4B}.Release|Any CPU.Build.0 = Release|Any CPU
	EndGlobalSection
EndGlobal
