
Microsoft Visual Studio Solution File, Format Version 12.00
# Visual Studio Version 17
VisualStudioVersion = 17.0.31903.59
MinimumVisualStudioVersion = 10.0.40219.1
Project("{FAE04EC0-301F-11D3-BF4B-00C04F79EFBC}") = "Foghorn", "Foghorn\Foghorn.csproj", "{8069A5C3-AA57-429C-B319-F60AC1643BAD}"
EndProject
Project("{FAE04EC0-301F-11D3-BF4B-00C04F79EFBC}") = "Foghorn.API", "Foghorn.API\Foghorn.API.csproj", "{69BD9A92-BBAD-47AE-A01E-311ED20D8128}"
EndProject
Project("{FAE04EC0-301F-11D3-BF4B-00C04F79EFBC}") = "Foghorn.SqlServer", "Foghorn.SqlServer\Foghorn.SqlServer.csproj", "{D495EC10-AC34-42F7-B51F-0F9E2BEA67C1}"
EndProject
Global
	GlobalSection(SolutionConfigurationPlatforms) = preSolution
		Debug|Any CPU = Debug|Any CPU
		Release|Any CPU = Release|Any CPU
	EndGlobalSection
	GlobalSection(SolutionProperties) = preSolution
		HideSolutionNode = FALSE
	EndGlobalSection
	GlobalSection(ProjectConfigurationPlatforms) = postSolution
		{8069A5C3-AA57-429C-B319-F60AC1643BAD}.Debug|Any CPU.ActiveCfg = Debug|Any CPU
		{8069A5C3-AA57-429C-B319-F60AC1643BAD}.Debug|Any CPU.Build.0 = Debug|Any CPU
		{8069A5C3-AA57-429C-B319-F60AC1643BAD}.Release|Any CPU.ActiveCfg = Release|Any CPU
		{8069A5C3-AA57-429C-B319-F60AC1643BAD}.Release|Any CPU.Build.0 = Release|Any CPU
		{69BD9A92-BBAD-47AE-A01E-311ED20D8128}.Debug|Any CPU.ActiveCfg = Debug|Any CPU
		{69BD9A92-BBAD-47AE-A01E-311ED20D8128}.Debug|Any CPU.Build.0 = Debug|Any CPU
		{69BD9A92-BBAD-47AE-A01E-311ED20D8128}.Release|Any CPU.ActiveCfg = Release|Any CPU
		{69BD9A92-BBAD-47AE-A01E-311ED20D8128}.Release|Any CPU.Build.0 = Release|Any CPU
		{D495EC10-AC34-42F7-B51F-0F9E2BEA67C1}.Debug|Any CPU.ActiveCfg = Debug|Any CPU
		{D495EC10-AC34-42F7-B51F-0F9E2BEA67C1}.Debug|Any CPU.Build.0 = Debug|Any CPU
		{D495EC10-AC34-42F7-B51F-0F9E2BEA67C1}.Release|Any CPU.ActiveCfg = Release|Any CPU
		{D495EC10-AC34-42F7-B51F-0F9E2BEA67C1}.Release|Any CPU.Build.0 = Release|Any CPU
	EndGlobalSection
EndGlobal
